<?xml version="1.0" encoding="utf-8"?>
<Project ToolsVersion="4.0" xmlns="http://schemas.microsoft.com/developer/msbuild/2003">
  <ItemGroup>
    <Filter Include="Source Files">
      <UniqueIdentifier>{4FC737F1-C7A5-4376-A066-2A32D752A2FF}</UniqueIdentifier>
      <Extensions>cpp;c;cc;cxx;def;odl;idl;hpj;bat;asm;asmx</Extensions>
    </Filter>
    <Filter Include="Header Files">
      <UniqueIdentifier>{93995380-89BD-4b04-88EB-625FBE52EBFB}</UniqueIdentifier>
      <Extensions>h;hh;hpp;hxx;hm;inl;inc;xsd</Extensions>
    </Filter>
    <Filter Include="Resource Files">
      <UniqueIdentifier>{67DA6AB6-F800-4c08-8B7A-83BB121AAD01}</UniqueIdentifier>
      <Extensions>rc;ico;cur;bmp;dlg;rc2;rct;bin;rgs;gif;jpg;jpeg;jpe;resx;tiff;tif;png;wav;mfcribbon-ms</Extensions>
    </Filter>
    <Filter Include="Header Files\lsignal">
      <UniqueIdentifier>{9690d323-3222-4d54-aece-62dcf0043840}</UniqueIdentifier>
    </Filter>
  </ItemGroup>
  <ItemGroup>
    <ClCompile Include="lnetlib\client.cpp">
      <Filter>Source Files</Filter>
    </ClCompile>
    <ClCompile Include="lnetlib\client_session.cpp">
      <Filter>Source Files</Filter>
    </ClCompile>
    <ClCompile Include="lnetlib\client_session_non_ssl.cpp">
      <Filter>Source Files</Filter>
    </ClCompile>
    <ClCompile Include="lnetlib\client_session_ssl.cpp">
      <Filter>Source Files</Filter>
    </ClCompile>
    <ClCompile Include="lnetlib\connection.cpp">
      <Filter>Source Files</Filter>
    </ClCompile>
    <ClCompile Include="lnetlib\encryption.cpp">
      <Filter>Source Files</Filter>
    </ClCompile>
    <ClCompile Include="lnetlib\helper.cpp">
      <Filter>Source Files</Filter>
    </ClCompile>
    <ClCompile Include="lnetlib\istream.cpp">
      <Filter>Source Files</Filter>
    </ClCompile>
    <ClCompile Include="lnetlib\ostream.cpp">
      <Filter>Source Files</Filter>
    </ClCompile>
    <ClCompile Include="lnetlib\server.cpp">
      <Filter>Source Files</Filter>
    </ClCompile>
    <ClCompile Include="lnetlib\server_session.cpp">
      <Filter>Source Files</Filter>
    </ClCompile>
    <ClCompile Include="lnetlib\server_session_non_ssl.cpp">
      <Filter>Source Files</Filter>
    </ClCompile>
    <ClCompile Include="lnetlib\server_session_ssl.cpp">
      <Filter>Source Files</Filter>
    </ClCompile>
    <ClCompile Include="lnetlib\socket.cpp">
      <Filter>Source Files</Filter>
    </ClCompile>
    <ClCompile Include="lnetlib\socket_non_ssl.cpp">
      <Filter>Source Files</Filter>
    </ClCompile>
    <ClCompile Include="lnetlib\socket_ssl.cpp">
      <Filter>Source Files</Filter>
    </ClCompile>
    <ClCompile Include="lnetlib\stdafx.cpp">
      <Filter>Source Files</Filter>
    </ClCompile>
  </ItemGroup>
  <ItemGroup>
    <ClInclude Include="lnetlib\client.h">
      <Filter>Header Files</Filter>
    </ClInclude>
    <ClInclude Include="lnetlib\client_session.h">
      <Filter>Header Files</Filter>
    </ClInclude>
    <ClInclude Include="lnetlib\client_session_non_ssl.h">
      <Filter>Header Files</Filter>
    </ClInclude>
    <ClInclude Include="lnetlib\client_session_ssl.h">
      <Filter>Header Files</Filter>
    </ClInclude>
    <ClInclude Include="lnetlib\config.h">
      <Filter>Header Files</Filter>
    </ClInclude>
    <ClInclude Include="lnetlib\connection.h">
      <Filter>Header Files</Filter>
    </ClInclude>
    <ClInclude Include="lnetlib\encryption.h">
      <Filter>Header Files</Filter>
    </ClInclude>
    <ClInclude Include="lnetlib\helper.h">
      <Filter>Header Files</Filter>
    </ClInclude>
    <ClInclude Include="lnetlib\istream.h">
      <Filter>Header Files</Filter>
    </ClInclude>
    <ClInclude Include="lnetlib\ostream.h">
      <Filter>Header Files</Filter>
    </ClInclude>
    <ClInclude Include="lnetlib\server.h">
      <Filter>Header Files</Filter>
    </ClInclude>
    <ClInclude Include="lnetlib\server_session.h">
      <Filter>Header Files</Filter>
    </ClInclude>
    <ClInclude Include="lnetlib\server_session_non_ssl.h">
      <Filter>Header Files</Filter>
    </ClInclude>
    <ClInclude Include="lnetlib\server_session_ssl.h">
      <Filter>Header Files</Filter>
    </ClInclude>
    <ClInclude Include="lnetlib\socket.h">
      <Filter>Header Files</Filter>
    </ClInclude>
    <ClInclude Include="lnetlib\socket_non_ssl.h">
      <Filter>Header Files</Filter>
    </ClInclude>
    <ClInclude Include="lnetlib\socket_ssl.h">
      <Filter>Header Files</Filter>
    </ClInclude>
    <ClInclude Include="lnetlib\lsignal\lsignal.h">
      <Filter>Header Files\lsignal</Filter>
    </ClInclude>
    <ClInclude Include="lnetlib\stdafx.h">
      <Filter>Header Files</Filter>
    </ClInclude>
  </ItemGroup>
</Project>